
Microsoft Visual Studio Solution File, Format Version 12.00
# Visual Studio 15
Project("{FAE04EC0-301F-11D3-BF4B-00C04F79EFBC}") = "AppCenterDemo11.Android", "AppCenterDemo11.Android\AppCenterDemo11.Android.csproj", "{6FC9BD6F-40EE-4DEF-BEFD-241DEECF022D}"
EndProject
Project("{FAE04EC0-301F-11D3-BF4B-00C04F79EFBC}") = "AppCenterDemo11.iOS", "AppCenterDemo11.iOS\AppCenterDemo11.iOS.csproj", "{6CBF4461-BFE0-4D54-A5CC-CE84EDFC896D}"
EndProject
Project("{FAE04EC0-301F-11D3-BF4B-00C04F79EFBC}") = "AppCenterDemo11", "AppCenterDemo11\AppCenterDemo11.csproj", "{4B01CF25-3785-4BFF-A78B-371AAC86E9AF}"
EndProject
Global
	GlobalSection(SolutionConfigurationPlatforms) = preSolution
		Debug|Any CPU = Debug|Any CPU
		Release|Any CPU = Release|Any CPU
		Debug|iPhoneSimulator = Debug|iPhoneSimulator
		Release|iPhoneSimulator = Release|iPhoneSimulator
		Debug|iPhone = Debug|iPhone
		Release|iPhone = Release|iPhone
		Ad-Hoc|iPhone = Ad-Hoc|iPhone
		AppStore|iPhone = AppStore|iPhone
	EndGlobalSection
	GlobalSection(ProjectConfigurationPlatforms) = postSolution
		{6FC9BD6F-40EE-4DEF-BEFD-241DEECF022D}.Debug|Any CPU.ActiveCfg = Debug|Any CPU
		{6FC9BD6F-40EE-4DEF-BEFD-241DEECF022D}.Debug|Any CPU.Build.0 = Debug|Any CPU
		{6FC9BD6F-40EE-4DEF-BEFD-241DEECF022D}.Release|Any CPU.ActiveCfg = Release|Any CPU
		{6FC9BD6F-40EE-4DEF-BEFD-241DEECF022D}.Release|Any CPU.Build.0 = Release|Any CPU
		{6FC9BD6F-40EE-4DEF-BEFD-241DEECF022D}.Debug|iPhoneSimulator.ActiveCfg = Debug|Any CPU
		{6FC9BD6F-40EE-4DEF-BEFD-241DEECF022D}.Debug|iPhoneSimulator.Build.0 = Debug|Any CPU
		{6FC9BD6F-40EE-4DEF-BEFD-241DEECF022D}.Release|iPhoneSimulator.ActiveCfg = Release|Any CPU
		{6FC9BD6F-40EE-4DEF-BEFD-241DEECF022D}.Release|iPhoneSimulator.Build.0 = Release|Any CPU
		{6FC9BD6F-40EE-4DEF-BEFD-241DEECF022D}.Debug|iPhone.ActiveCfg = Debug|Any CPU
		{6FC9BD6F-40EE-4DEF-BEFD-241DEECF022D}.Debug|iPhone.Build.0 = Debug|Any CPU
		{6FC9BD6F-40EE-4DEF-BEFD-241DEECF022D}.Release|iPhone.ActiveCfg = Release|Any CPU
		{6FC9BD6F-40EE-4DEF-BEFD-241DEECF022D}.Release|iPhone.Build.0 = Release|Any CPU
		{6FC9BD6F-40EE-4DEF-BEFD-241DEECF022D}.Ad-Hoc|iPhone.ActiveCfg = Debug|Any CPU
		{6FC9BD6F-40EE-4DEF-BEFD-241DEECF022D}.Ad-Hoc|iPhone.Build.0 = Debug|Any CPU
		{6FC9BD6F-40EE-4DEF-BEFD-241DEECF022D}.AppStore|iPhone.ActiveCfg = Debug|Any CPU
		{6FC9BD6F-40EE-4DEF-BEFD-241DEECF022D}.AppStore|iPhone.Build.0 = Debug|Any CPU
		{6CBF4461-BFE0-4D54-A5CC-CE84EDFC896D}.Debug|Any CPU.ActiveCfg = Debug|iPhoneSimulator
		{6CBF4461-BFE0-4D54-A5CC-CE84EDFC896D}.Debug|Any CPU.Build.0 = Debug|iPhoneSimulator
		{6CBF4461-BFE0-4D54-A5CC-CE84EDFC896D}.Release|Any CPU.ActiveCfg = Release|iPhoneSimulator
		{6CBF4461-BFE0-4D54-A5CC-CE84EDFC896D}.Release|Any CPU.Build.0 = Release|iPhoneSimulator
		{6CBF4461-BFE0-4D54-A5CC-CE84EDFC896D}.Debug|iPhoneSimulator.ActiveCfg = Debug|iPhoneSimulator
		{6CBF4461-BFE0-4D54-A5CC-CE84EDFC896D}.Debug|iPhoneSimulator.Build.0 = Debug|iPhoneSimulator
		{6CBF4461-BFE0-4D54-A5CC-CE84EDFC896D}.Release|iPhoneSimulator.ActiveCfg = Release|iPhoneSimulator
		{6CBF4461-BFE0-4D54-A5CC-CE84EDFC896D}.Release|iPhoneSimulator.Build.0 = Release|iPhoneSimulator
		{6CBF4461-BFE0-4D54-A5CC-CE84EDFC896D}.Debug|iPhone.ActiveCfg = Debug|iPhone
		{6CBF4461-BFE0-4D54-A5CC-CE84EDFC896D}.Debug|iPhone.Build.0 = Debug|iPhone
		{6CBF4461-BFE0-4D54-A5CC-CE84EDFC896D}.Release|iPhone.ActiveCfg = Release|iPhone
		{6CBF4461-BFE0-4D54-A5CC-CE84EDFC896D}.Release|iPhone.Build.0 = Release|iPhone
		{6CBF4461-BFE0-4D54-A5CC-CE84EDFC896D}.Ad-Hoc|iPhone.ActiveCfg = Ad-Hoc|iPhone
		{6CBF4461-BFE0-4D54-A5CC-CE84EDFC896D}.Ad-Hoc|iPhone.Build.0 = Ad-Hoc|iPhone
		{6CBF4461-BFE0-4D54-A5CC-CE84EDFC896D}.AppStore|iPhone.ActiveCfg = AppStore|iPhone
		{6CBF4461-BFE0-4D54-A5CC-CE84EDFC896D}.AppStore|iPhone.Build.0 = AppStore|iPhone
		{4B01CF25-3785-4BFF-A78B-371AAC86E9AF}.Debug|Any CPU.ActiveCfg = Debug|Any CPU
		{4B01CF25-3785-4BFF-A78B-371AAC86E9AF}.Debug|Any CPU.Build.0 = Debug|Any CPU
		{4B01CF25-3785-4BFF-A78B-371AAC86E9AF}.Release|Any CPU.ActiveCfg = Release|Any CPU
		{4B01CF25-3785-4BFF-A78B-371AAC86E9AF}.Release|Any CPU.Build.0 = Release|Any CPU
		{4B01CF25-3785-4BFF-A78B-371AAC86E9AF}.Debug|iPhoneSimulator.ActiveCfg = Debug|Any CPU
		{4B01CF25-3785-4BFF-A78B-371AAC86E9AF}.Debug|iPhoneSimulator.Build.0 = Debug|Any CPU
		{4B01CF25-3785-4BFF-A78B-371AAC86E9AF}.Release|iPhoneSimulator.ActiveCfg = Release|Any CPU
		{4B01CF25-3785-4BFF-A78B-371AAC86E9AF}.Release|iPhoneSimulator.Build.0 = Release|Any CPU
		{4B01CF25-3785-4BFF-A78B-371AAC86E9AF}.Debug|iPhone.ActiveCfg = Debug|Any CPU
		{4B01CF25-3785-4BFF-A78B-371AAC86E9AF}.Debug|iPhone.Build.0 = Debug|Any CPU
		{4B01CF25-3785-4BFF-A78B-371AAC86E9AF}.Release|iPhone.ActiveCfg = Release|Any CPU
		{4B01CF25-3785-4BFF-A78B-371AAC86E9AF}.Release|iPhone.Build.0 = Release|Any CPU
		{4B01CF25-3785-4BFF-A78B-371AAC86E9AF}.Ad-Hoc|iPhone.ActiveCfg = Debug|Any CPU
		{4B01CF25-3785-4BFF-A78B-371AAC86E9AF}.Ad-Hoc|iPhone.Build.0 = Debug|Any CPU
		{4B01CF25-3785-4BFF-A78B-371AAC86E9AF}.AppStore|iPhone.ActiveCfg = Debug|Any CPU
		{4B01CF25-3785-4BFF-A78B-371AAC86E9AF}.AppStore|iPhone.Build.0 = Debug|Any CPU
	EndGlobalSection
EndGlobal
