
Microsoft Visual Studio Solution File, Format Version 12.00
# Visual Studio 15
Project("{FAE04EC0-301F-11D3-BF4B-00C04F79EFBC}") = "AppCenterDemo22.Android", "AppCenterDemo22.Android\AppCenterDemo22.Android.csproj", "{0ABB2B13-14BF-4253-921D-6F5CC25784C6}"
EndProject
Project("{FAE04EC0-301F-11D3-BF4B-00C04F79EFBC}") = "AppCenterDemo22.iOS", "AppCenterDemo22.iOS\AppCenterDemo22.iOS.csproj", "{7DF4F855-EAAA-4D91-BE26-523C0F343367}"
EndProject
Project("{FAE04EC0-301F-11D3-BF4B-00C04F79EFBC}") = "AppCenterDemo22", "AppCenterDemo22\AppCenterDemo22.csproj", "{C7417640-2067-4ADD-BCC0-E7E75C992A11}"
EndProject
Global
	GlobalSection(SolutionConfigurationPlatforms) = preSolution
		Debug|Any CPU = Debug|Any CPU
		Release|Any CPU = Release|Any CPU
		Debug|iPhoneSimulator = Debug|iPhoneSimulator
		Release|iPhoneSimulator = Release|iPhoneSimulator
		Debug|iPhone = Debug|iPhone
		Release|iPhone = Release|iPhone
		Ad-Hoc|iPhone = Ad-Hoc|iPhone
		AppStore|iPhone = AppStore|iPhone
	EndGlobalSection
	GlobalSection(ProjectConfigurationPlatforms) = postSolution
		{0ABB2B13-14BF-4253-921D-6F5CC25784C6}.Debug|Any CPU.ActiveCfg = Debug|Any CPU
		{0ABB2B13-14BF-4253-921D-6F5CC25784C6}.Debug|Any CPU.Build.0 = Debug|Any CPU
		{0ABB2B13-14BF-4253-921D-6F5CC25784C6}.Release|Any CPU.ActiveCfg = Release|Any CPU
		{0ABB2B13-14BF-4253-921D-6F5CC25784C6}.Release|Any CPU.Build.0 = Release|Any CPU
		{0ABB2B13-14BF-4253-921D-6F5CC25784C6}.Debug|iPhoneSimulator.ActiveCfg = Debug|Any CPU
		{0ABB2B13-14BF-4253-921D-6F5CC25784C6}.Debug|iPhoneSimulator.Build.0 = Debug|Any CPU
		{0ABB2B13-14BF-4253-921D-6F5CC25784C6}.Release|iPhoneSimulator.ActiveCfg = Release|Any CPU
		{0ABB2B13-14BF-4253-921D-6F5CC25784C6}.Release|iPhoneSimulator.Build.0 = Release|Any CPU
		{0ABB2B13-14BF-4253-921D-6F5CC25784C6}.Debug|iPhone.ActiveCfg = Debug|Any CPU
		{0ABB2B13-14BF-4253-921D-6F5CC25784C6}.Debug|iPhone.Build.0 = Debug|Any CPU
		{0ABB2B13-14BF-4253-921D-6F5CC25784C6}.Release|iPhone.ActiveCfg = Release|Any CPU
		{0ABB2B13-14BF-4253-921D-6F5CC25784C6}.Release|iPhone.Build.0 = Release|Any CPU
		{0ABB2B13-14BF-4253-921D-6F5CC25784C6}.Ad-Hoc|iPhone.ActiveCfg = Debug|Any CPU
		{0ABB2B13-14BF-4253-921D-6F5CC25784C6}.Ad-Hoc|iPhone.Build.0 = Debug|Any CPU
		{0ABB2B13-14BF-4253-921D-6F5CC25784C6}.AppStore|iPhone.ActiveCfg = Debug|Any CPU
		{0ABB2B13-14BF-4253-921D-6F5CC25784C6}.AppStore|iPhone.Build.0 = Debug|Any CPU
		{7DF4F855-EAAA-4D91-BE26-523C0F343367}.Debug|Any CPU.ActiveCfg = Debug|iPhoneSimulator
		{7DF4F855-EAAA-4D91-BE26-523C0F343367}.Debug|Any CPU.Build.0 = Debug|iPhoneSimulator
		{7DF4F855-EAAA-4D91-BE26-523C0F343367}.Release|Any CPU.ActiveCfg = Release|iPhoneSimulator
		{7DF4F855-EAAA-4D91-BE26-523C0F343367}.Release|Any CPU.Build.0 = Release|iPhoneSimulator
		{7DF4F855-EAAA-4D91-BE26-523C0F343367}.Debug|iPhoneSimulator.ActiveCfg = Debug|iPhoneSimulator
		{7DF4F855-EAAA-4D91-BE26-523C0F343367}.Debug|iPhoneSimulator.Build.0 = Debug|iPhoneSimulator
		{7DF4F855-EAAA-4D91-BE26-523C0F343367}.Release|iPhoneSimulator.ActiveCfg = Release|iPhoneSimulator
		{7DF4F855-EAAA-4D91-BE26-523C0F343367}.Release|iPhoneSimulator.Build.0 = Release|iPhoneSimulator
		{7DF4F855-EAAA-4D91-BE26-523C0F343367}.Debug|iPhone.ActiveCfg = Debug|iPhone
		{7DF4F855-EAAA-4D91-BE26-523C0F343367}.Debug|iPhone.Build.0 = Debug|iPhone
		{7DF4F855-EAAA-4D91-BE26-523C0F343367}.Release|iPhone.ActiveCfg = Release|iPhone
		{7DF4F855-EAAA-4D91-BE26-523C0F343367}.Release|iPhone.Build.0 = Release|iPhone
		{7DF4F855-EAAA-4D91-BE26-523C0F343367}.Ad-Hoc|iPhone.ActiveCfg = Ad-Hoc|iPhone
		{7DF4F855-EAAA-4D91-BE26-523C0F343367}.Ad-Hoc|iPhone.Build.0 = Ad-Hoc|iPhone
		{7DF4F855-EAAA-4D91-BE26-523C0F343367}.AppStore|iPhone.ActiveCfg = AppStore|iPhone
		{7DF4F855-EAAA-4D91-BE26-523C0F343367}.AppStore|iPhone.Build.0 = AppStore|iPhone
		{C7417640-2067-4ADD-BCC0-E7E75C992A11}.Debug|Any CPU.ActiveCfg = Debug|Any CPU
		{C7417640-2067-4ADD-BCC0-E7E75C992A11}.Debug|Any CPU.Build.0 = Debug|Any CPU
		{C7417640-2067-4ADD-BCC0-E7E75C992A11}.Release|Any CPU.ActiveCfg = Release|Any CPU
		{C7417640-2067-4ADD-BCC0-E7E75C992A11}.Release|Any CPU.Build.0 = Release|Any CPU
		{C7417640-2067-4ADD-BCC0-E7E75C992A11}.Debug|iPhoneSimulator.ActiveCfg = Debug|Any CPU
		{C7417640-2067-4ADD-BCC0-E7E75C992A11}.Debug|iPhoneSimulator.Build.0 = Debug|Any CPU
		{C7417640-2067-4ADD-BCC0-E7E75C992A11}.Release|iPhoneSimulator.ActiveCfg = Release|Any CPU
		{C7417640-2067-4ADD-BCC0-E7E75C992A11}.Release|iPhoneSimulator.Build.0 = Release|Any CPU
		{C7417640-2067-4ADD-BCC0-E7E75C992A11}.Debug|iPhone.ActiveCfg = Debug|Any CPU
		{C7417640-2067-4ADD-BCC0-E7E75C992A11}.Debug|iPhone.Build.0 = Debug|Any CPU
		{C7417640-2067-4ADD-BCC0-E7E75C992A11}.Release|iPhone.ActiveCfg = Release|Any CPU
		{C7417640-2067-4ADD-BCC0-E7E75C992A11}.Release|iPhone.Build.0 = Release|Any CPU
		{C7417640-2067-4ADD-BCC0-E7E75C992A11}.Ad-Hoc|iPhone.ActiveCfg = Debug|Any CPU
		{C7417640-2067-4ADD-BCC0-E7E75C992A11}.Ad-Hoc|iPhone.Build.0 = Debug|Any CPU
		{C7417640-2067-4ADD-BCC0-E7E75C992A11}.AppStore|iPhone.ActiveCfg = Debug|Any CPU
		{C7417640-2067-4ADD-BCC0-E7E75C992A11}.AppStore|iPhone.Build.0 = Debug|Any CPU
	EndGlobalSection
EndGlobal
